
Microsoft Visual Studio Solution File, Format Version 12.00
# Visual Studio 15
VisualStudioVersion = 15.0.28307.705
MinimumVisualStudioVersion = 10.0.40219.1
Project("{FAE04EC0-301F-11D3-BF4B-00C04F79EFBC}") = "Gerenciador", "Gerenciador\Gerenciador.csproj", "{B51B8340-36DE-4F1E-9418-3BD74C6CFAE8}"
EndProject
Project("{FAE04EC0-301F-11D3-BF4B-00C04F79EFBC}") = "Gerenciador.Tests", "Gerenciador.Tests\Gerenciador.Tests.csproj", "{C96BEB21-7D5D-4675-BA7D-326DF96EE891}"
EndProject
Global
	GlobalSection(SolutionConfigurationPlatforms) = preSolution
		Debug|Any CPU = Debug|Any CPU
		Release|Any CPU = Release|Any CPU
	EndGlobalSection
	GlobalSection(ProjectConfigurationPlatforms) = postSolution
		{B51B8340-36DE-4F1E-9418-3BD74C6CFAE8}.Debug|Any CPU.ActiveCfg = Debug|Any CPU
		{B51B8340-36DE-4F1E-9418-3BD74C6CFAE8}.Debug|Any CPU.Build.0 = Debug|Any CPU
		{B51B8340-36DE-4F1E-9418-3BD74C6CFAE8}.Release|Any CPU.ActiveCfg = Release|Any CPU
		{B51B8340-36DE-4F1E-9418-3BD74C6CFAE8}.Release|Any CPU.Build.0 = Release|Any CPU
		{C96BEB21-7D5D-4675-BA7D-326DF96EE891}.Debug|Any CPU.ActiveCfg = Debug|Any CPU
		{C96BEB21-7D5D-4675-BA7D-326DF96EE891}.Debug|Any CPU.Build.0 = Debug|Any CPU
		{C96BEB21-7D5D-4675-BA7D-326DF96EE891}.Release|Any CPU.ActiveCfg = Release|Any CPU
		{C96BEB21-7D5D-4675-BA7D-326DF96EE891}.Release|Any CPU.Build.0 = Release|Any CPU
	EndGlobalSection
	GlobalSection(SolutionProperties) = preSolution
		HideSolutionNode = FALSE
	EndGlobalSection
	GlobalSection(ExtensibilityGlobals) = postSolution
		SolutionGuid = {DB54E1F0-F2E9-495D-8923-F4852F23C1E3}
	EndGlobalSection
EndGlobal
